
Microsoft Visual Studio Solution File, Format Version 12.00
# Visual Studio 2012
Project("{8BC9CEB8-8B4A-11D0-8D11-00A0C91BC942}") = "GLFWBO", "GLFWBO\GLFWBO.vcxproj", "{09BEF440-6FA4-4BFB-A329-64CF4C572C6E}"
EndProject
Global
	GlobalSection(SolutionConfigurationPlatforms) = preSolution
		Debug|Win32 = Debug|Win32
		Release|Win32 = Release|Win32
	EndGlobalSection
	GlobalSection(ProjectConfigurationPlatforms) = postSolution
		{09BEF440-6FA4-4BFB-A329-64CF4C572C6E}.Debug|Win32.ActiveCfg = Debug|Win32
		{09BEF440-6FA4-4BFB-A329-64CF4C572C6E}.Debug|Win32.Build.0 = Debug|Win32
		{09BEF440-6FA4-4BFB-A329-64CF4C572C6E}.Release|Win32.ActiveCfg = Release|Win32
		{09BEF440-6FA4-4BFB-A329-64CF4C572C6E}.Release|Win32.Build.0 = Release|Win32
	EndGlobalSection
	GlobalSection(SolutionProperties) = preSolution
		HideSolutionNode = FALSE
	EndGlobalSection
EndGlobal
